// !$*UTF8*$!
{
	archiveVersion = 1;
	classes = {
	};
	objectVersion = 46;
	objects = {

/* Begin PBXBuildFile section */
		866066771DD9A8480046D2AF /* AppDelegate.swift in Sources */ = {isa = PBXBuildFile; fileRef = 866066761DD9A8480046D2AF /* AppDelegate.swift */; };
		866066791DD9A8480046D2AF /* ViewController.swift in Sources */ = {isa = PBXBuildFile; fileRef = 866066781DD9A8480046D2AF /* ViewController.swift */; };
		8660667C1DD9A8480046D2AF /* Main.storyboard in Resources */ = {isa = PBXBuildFile; fileRef = 8660667A1DD9A8480046D2AF /* Main.storyboard */; };
		8660667E1DD9A8480046D2AF /* Assets.xcassets in Resources */ = {isa = PBXBuildFile; fileRef = 8660667D1DD9A8480046D2AF /* Assets.xcassets */; };
		866066811DD9A8480046D2AF /* LaunchScreen.storyboard in Resources */ = {isa = PBXBuildFile; fileRef = 8660667F1DD9A8480046D2AF /* LaunchScreen.storyboard */; };
		866066891DD9AF8A0046D2AF /* Quiz.swift in Sources */ = {isa = PBXBuildFile; fileRef = 866066881DD9AF8A0046D2AF /* Quiz.swift */; };
		8660668B1DD9B38B0046D2AF /* GameEngine.swift in Sources */ = {isa = PBXBuildFile; fileRef = 8660668A1DD9B38B0046D2AF /* GameEngine.swift */; };
		8660668D1DD9B52A0046D2AF /* MockGameEngine.swift in Sources */ = {isa = PBXBuildFile; fileRef = 8660668C1DD9B52A0046D2AF /* MockGameEngine.swift */; };
/* End PBXBuildFile section */

/* Begin PBXFileReference section */
		866066731DD9A8480046D2AF /* MyQuiz.app */ = {isa = PBXFileReference; explicitFileType = wrapper.application; includeInIndex = 0; path = MyQuiz.app; sourceTree = BUILT_PRODUCTS_DIR; };
		866066761DD9A8480046D2AF /* AppDelegate.swift */ = {isa = PBXFileReference; lastKnownFileType = sourcecode.swift; path = AppDelegate.swift; sourceTree = "<group>"; };
		866066781DD9A8480046D2AF /* ViewController.swift */ = {isa = PBXFileReference; lastKnownFileType = sourcecode.swift; path = ViewController.swift; sourceTree = "<group>"; };
		8660667B1DD9A8480046D2AF /* Base */ = {isa = PBXFileReference; lastKnownFileType = file.storyboard; name = Base; path = Base.lproj/Main.storyboard; sourceTree = "<group>"; };
		8660667D1DD9A8480046D2AF /* Assets.xcassets */ = {isa = PBXFileReference; lastKnownFileType = folder.assetcatalog; path = Assets.xcassets; sourceTree = "<group>"; };
		866066801DD9A8480046D2AF /* Base */ = {isa = PBXFileReference; lastKnownFileType = file.storyboard; name = Base; path = Base.lproj/LaunchScreen.storyboard; sourceTree = "<group>"; };
		866066821DD9A8480046D2AF /* Info.plist */ = {isa = PBXFileReference; lastKnownFileType = text.plist.xml; path = Info.plist; sourceTree = "<group>"; };
		866066881DD9AF8A0046D2AF /* Quiz.swift */ = {isa = PBXFileReference; fileEncoding = 4; lastKnownFileType = sourcecode.swift; path = Quiz.swift; sourceTree = "<group>"; };
		8660668A1DD9B38B0046D2AF /* GameEngine.swift */ = {isa = PBXFileReference; fileEncoding = 4; lastKnownFileType = sourcecode.swift; path = GameEngine.swift; sourceTree = "<group>"; };
		8660668C1DD9B52A0046D2AF /* MockGameEngine.swift */ = {isa = PBXFileReference; fileEncoding = 4; lastKnownFileType = sourcecode.swift; path = MockGameEngine.swift; sourceTree = "<group>"; };
/* End PBXFileReference section */

/* Begin PBXFrameworksBuildPhase section */
		866066701DD9A8480046D2AF /* Frameworks */ = {
			isa = PBXFrameworksBuildPhase;
			buildActionMask = 2147483647;
			files = (
			);
			runOnlyForDeploymentPostprocessing = 0;
		};
/* End PBXFrameworksBuildPhase section */

/* Begin PBXGroup section */
		8660666A1DD9A8480046D2AF = {
			isa = PBXGroup;
			children = (
				866066751DD9A8480046D2AF /* MyQuiz */,
				866066741DD9A8480046D2AF /* Products */,
			);
			sourceTree = "<group>";
		};
		866066741DD9A8480046D2AF /* Products */ = {
			isa = PBXGroup;
			children = (
				866066731DD9A8480046D2AF /* MyQuiz.app */,
			);
			name = Products;
			sourceTree = "<group>";
		};
		866066751DD9A8480046D2AF /* MyQuiz */ = {
			isa = PBXGroup;
			children = (
				866066761DD9A8480046D2AF /* AppDelegate.swift */,
				866066781DD9A8480046D2AF /* ViewController.swift */,
				8660667A1DD9A8480046D2AF /* Main.storyboard */,
				8660667D1DD9A8480046D2AF /* Assets.xcassets */,
				8660667F1DD9A8480046D2AF /* LaunchScreen.storyboard */,
				866066821DD9A8480046D2AF /* Info.plist */,
				866066881DD9AF8A0046D2AF /* Quiz.swift */,
				8660668A1DD9B38B0046D2AF /* GameEngine.swift */,
				8660668C1DD9B52A0046D2AF /* MockGameEngine.swift */,
			);
			path = MyQuiz;
			sourceTree = "<group>";
		};
/* End PBXGroup section */

/* Begin PBXNativeTarget section */
		866066721DD9A8480046D2AF /* MyQuiz */ = {
			isa = PBXNativeTarget;
			buildConfigurationList = 866066851DD9A8480046D2AF /* Build configuration list for PBXNativeTarget "MyQuiz" */;
			buildPhases = (
				8660666F1DD9A8480046D2AF /* Sources */,
				866066701DD9A8480046D2AF /* Frameworks */,
				866066711DD9A8480046D2AF /* Resources */,
			);
			buildRules = (
			);
			dependencies = (
			);
			name = MyQuiz;
			productName = MyQuiz;
			productReference = 866066731DD9A8480046D2AF /* MyQuiz.app */;
			productType = "com.apple.product-type.application";
		};
/* End PBXNativeTarget section */

/* Begin PBXProject section */
		8660666B1DD9A8480046D2AF /* Project object */ = {
			isa = PBXProject;
			attributes = {
				LastSwiftUpdateCheck = 0810;
				LastUpgradeCheck = 0810;
				ORGANIZATIONNAME = Training;
				TargetAttributes = {
					866066721DD9A8480046D2AF = {
						CreatedOnToolsVersion = 8.1;
						ProvisioningStyle = Automatic;
					};
				};
			};
			buildConfigurationList = 8660666E1DD9A8480046D2AF /* Build configuration list for PBXProject "MyQuiz" */;
			compatibilityVersion = "Xcode 3.2";
			developmentRegion = English;
			hasScannedForEncodings = 0;
			knownRegions = (
				en,
				Base,
			);
			mainGroup = 8660666A1DD9A8480046D2AF;
			productRefGroup = 866066741DD9A8480046D2AF /* Products */;
			projectDirPath = "";
			projectRoot = "";
			targets = (
				866066721DD9A8480046D2AF /* MyQuiz */,
			);
		};
/* End PBXProject section */

/* Begin PBXResourcesBuildPhase section */
		866066711DD9A8480046D2AF /* Resources */ = {
			isa = PBXResourcesBuildPhase;
			buildActionMask = 2147483647;
			files = (
				866066811DD9A8480046D2AF /* LaunchScreen.storyboard in Resources */,
				8660667E1DD9A8480046D2AF /* Assets.xcassets in Resources */,
				8660667C1DD9A8480046D2AF /* Main.storyboard in Resources */,
			);
			runOnlyForDeploymentPostprocessing = 0;
		};
/* End PBXResourcesBuildPhase section */

/* Begin PBXSourcesBuildPhase section */
		8660666F1DD9A8480046D2AF /* Sources */ = {
			isa = PBXSourcesBuildPhase;
			buildActionMask = 2147483647;
			files = (
				866066791DD9A8480046D2AF /* ViewController.swift in Sources */,
				866066771DD9A8480046D2AF /* AppDelegate.swift in Sources */,
				866066891DD9AF8A0046D2AF /* Quiz.swift in Sources */,
				8660668B1DD9B38B0046D2AF /* GameEngine.swift in Sources */,
				8660668D1DD9B52A0046D2AF /* MockGameEngine.swift in Sources */,
			);
			runOnlyForDeploymentPostprocessing = 0;
		};
/* End PBXSourcesBuildPhase section */

/* Begin PBXVariantGroup section */
		8660667A1DD9A8480046D2AF /* Main.storyboard */ = {
			isa = PBXVariantGroup;
			children = (
				8660667B1DD9A8480046D2AF /* Base */,
			);
			name = Main.storyboard;
			sourceTree = "<group>";
		};
		8660667F1DD9A8480046D2AF /* LaunchScreen.storyboard */ = {
			isa = PBXVariantGroup;
			children = (
				866066801DD9A8480046D2AF /* Base */,
			);
			name = LaunchScreen.storyboard;
			sourceTree = "<group>";
		};
/* End PBXVariantGroup section */

/* Begin XCBuildConfiguration section */
		866066831DD9A8480046D2AF /* Debug */ = {
			isa = XCBuildConfiguration;
			buildSettings = {
				ALWAYS_SEARCH_USER_PATHS = NO;
				CLANG_ANALYZER_NONNULL = YES;
				CLANG_CXX_LANGUAGE_STANDARD = "gnu++0x";
				CLANG_CXX_LIBRARY = "libc++";
				CLANG_ENABLE_MODULES = YES;
				CLANG_ENABLE_OBJC_ARC = YES;
				CLANG_WARN_BOOL_CONVERSION = YES;
				CLANG_WARN_CONSTANT_CONVERSION = YES;
				CLANG_WARN_DIRECT_OBJC_ISA_USAGE = YES_ERROR;
				CLANG_WARN_DOCUMENTATION_COMMENTS = YES;
				CLANG_WARN_EMPTY_BODY = YES;
				CLANG_WARN_ENUM_CONVERSION = YES;
				CLANG_WARN_INFINITE_RECURSION = YES;
				CLANG_WARN_INT_CONVERSION = YES;
				CLANG_WARN_OBJC_ROOT_CLASS = YES_ERROR;
				CLANG_WARN_SUSPICIOUS_MOVES = YES;
				CLANG_WARN_UNREACHABLE_CODE = YES;
				CLANG_WARN__DUPLICATE_METHOD_MATCH = YES;
				"CODE_SIGN_IDENTITY[sdk=iphoneos*]" = "iPhone Developer";
				COPY_PHASE_STRIP = NO;
				DEBUG_INFORMATION_FORMAT = dwarf;
				ENABLE_STRICT_OBJC_MSGSEND = YES;
				ENABLE_TESTABILITY = YES;
				GCC_C_LANGUAGE_STANDARD = gnu99;
				GCC_DYNAMIC_NO_PIC = NO;
				GCC_NO_COMMON_BLOCKS = YES;
				GCC_OPTIMIZATION_LEVEL = 0;
				GCC_PREPROCESSOR_DEFINITIONS = (
					"DEBUG=1",
					"$(inherited)",
				);
				GCC_WARN_64_TO_32_BIT_CONVERSION = YES;
				GCC_WARN_ABOUT_RETURN_TYPE = YES_ERROR;
				GCC_WARN_UNDECLARED_SELECTOR = YES;
				GCC_WARN_UNINITIALIZED_AUTOS = YES_AGGRESSIVE;
				GCC_WARN_UNUSED_FUNCTION = YES;
				GCC_WARN_UNUSED_VARIABLE = YES;
				IPHONEOS_DEPLOYMENT_TARGET = 10.1;
				MTL_ENABLE_DEBUG_INFO = YES;
				ONLY_ACTIVE_ARCH = YES;
				SDKROOT = iphoneos;
				SWIFT_ACTIVE_COMPILATION_CONDITIONS = DEBUG;
				SWIFT_OPTIMIZATION_LEVEL = "-Onone";
				TARGETED_DEVICE_FAMILY = "1,2";
			};
			name = Debug;
		};
		866066841DD9A8480046D2AF /* Release */ = {
			isa = XCBuildConfiguration;
			buildSettings = {
				ALWAYS_SEARCH_USER_PATHS = NO;
				CLANG_ANALYZER_NONNULL = YES;
				CLANG_CXX_LANGUAGE_STANDARD = "gnu++0x";
				CLANG_CXX_LIBRARY = "libc++";
				CLANG_ENABLE_MODULES = YES;
				CLANG_ENABLE_OBJC_ARC = YES;
				CLANG_WARN_BOOL_CONVERSION = YES;
				CLANG_WARN_CONSTANT_CONVERSION = YES;
				CLANG_WARN_DIRECT_OBJC_ISA_USAGE = YES_ERROR;
				CLANG_WARN_DOCUMENTATION_COMMENTS = YES;
				CLANG_WARN_EMPTY_BODY = YES;
				CLANG_WARN_ENUM_CONVERSION = YES;
				CLANG_WARN_INFINITE_RECURSION = YES;
				CLANG_WARN_INT_CONVERSION = YES;
				CLANG_WARN_OBJC_ROOT_CLASS = YES_ERROR;
				CLANG_WARN_SUSPICIOUS_MOVES = YES;
				CLANG_WARN_UNREACHABLE_CODE = YES;
				CLANG_WARN__DUPLICATE_METHOD_MATCH = YES;
				"CODE_SIGN_IDENTITY[sdk=iphoneos*]" = "iPhone Developer";
				COPY_PHASE_STRIP = NO;
				DEBUG_INFORMATION_FORMAT = "dwarf-with-dsym";
				ENABLE_NS_ASSERTIONS = NO;
				ENABLE_STRICT_OBJC_MSGSEND = YES;
				GCC_C_LANGUAGE_STANDARD = gnu99;
				GCC_NO_COMMON_BLOCKS = YES;
				GCC_WARN_64_TO_32_BIT_CONVERSION = YES;
				GCC_WARN_ABOUT_RETURN_TYPE = YES_ERROR;
				GCC_WARN_UNDECLARED_SELECTOR = YES;
				GCC_WARN_UNINITIALIZED_AUTOS = YES_AGGRESSIVE;
				GCC_WARN_UNUSED_FUNCTION = YES;
				GCC_WARN_UNUSED_VARIABLE = YES;
				IPHONEOS_DEPLOYMENT_TARGET = 10.1;
				MTL_ENABLE_DEBUG_INFO = NO;
				SDKROOT = iphoneos;
				SWIFT_OPTIMIZATION_LEVEL = "-Owholemodule";
				TARGETED_DEVICE_FAMILY = "1,2";
				VALIDATE_PRODUCT = YES;
			};
			name = Release;
		};
		866066861DD9A8480046D2AF /* Debug */ = {
			isa = XCBuildConfiguration;
			buildSettings = {
				ASSETCATALOG_COMPILER_APPICON_NAME = AppIcon;
				INFOPLIST_FILE = MyQuiz/Info.plist;
				LD_RUNPATH_SEARCH_PATHS = "$(inherited) @executable_path/Frameworks";
				PRODUCT_BUNDLE_IDENTIFIER = com.cdg.MyQuiz;
				PRODUCT_NAME = "$(TARGET_NAME)";
				SWIFT_VERSION = 3.0;
			};
			name = Debug;
		};
		866066871DD9A8480046D2AF /* Release */ = {
			isa = XCBuildConfiguration;
			buildSettings = {
				ASSETCATALOG_COMPILER_APPICON_NAME = AppIcon;
				INFOPLIST_FILE = MyQuiz/Info.plist;
				LD_RUNPATH_SEARCH_PATHS = "$(inherited) @executable_path/Frameworks";
				PRODUCT_BUNDLE_IDENTIFIER = com.cdg.MyQuiz;
				PRODUCT_NAME = "$(TARGET_NAME)";
				SWIFT_VERSION = 3.0;
			};
			name = Release;
		};
/* End XCBuildConfiguration section */

/* Begin XCConfigurationList section */
		8660666E1DD9A8480046D2AF /* Build configuration list for PBXProject "MyQuiz" */ = {
			isa = XCConfigurationList;
			buildConfigurations = (
				866066831DD9A8480046D2AF /* Debug */,
				866066841DD9A8480046D2AF /* Release */,
			);
			defaultConfigurationIsVisible = 0;
			defaultConfigurationName = Release;
		};
		866066851DD9A8480046D2AF /* Build configuration list for PBXNativeTarget "MyQuiz" */ = {
			isa = XCConfigurationList;
			buildConfigurations = (
				866066861DD9A8480046D2AF /* Debug */,
				866066871DD9A8480046D2AF /* Release */,
			);
			defaultConfigurationIsVisible = 0;
		};
/* End XCConfigurationList section */
	};
	rootObject = 8660666B1DD9A8480046D2AF /* Project object */;
}
