// !$*UTF8*$!
{
	archiveVersion = 1;
	classes = {
	};
	objectVersion = 46;
	objects = {

/* Begin PBXBuildFile section */
		86C046C31DDBFE96003903B3 /* AppDelegate.swift in Sources */ = {isa = PBXBuildFile; fileRef = 86C046C21DDBFE96003903B3 /* AppDelegate.swift */; };
		86C046C51DDBFE96003903B3 /* ViewController.swift in Sources */ = {isa = PBXBuildFile; fileRef = 86C046C41DDBFE96003903B3 /* ViewController.swift */; };
		86C046C81DDBFE96003903B3 /* Main.storyboard in Resources */ = {isa = PBXBuildFile; fileRef = 86C046C61DDBFE96003903B3 /* Main.storyboard */; };
		86C046CA1DDBFE96003903B3 /* Assets.xcassets in Resources */ = {isa = PBXBuildFile; fileRef = 86C046C91DDBFE96003903B3 /* Assets.xcassets */; };
		86C046CD1DDBFE96003903B3 /* LaunchScreen.storyboard in Resources */ = {isa = PBXBuildFile; fileRef = 86C046CB1DDBFE96003903B3 /* LaunchScreen.storyboard */; };
		86C046D51DDC038F003903B3 /* StaticTableViewController.swift in Sources */ = {isa = PBXBuildFile; fileRef = 86C046D41DDC038F003903B3 /* StaticTableViewController.swift */; };
		86C046D71DDC0911003903B3 /* DynaTab.storyboard in Resources */ = {isa = PBXBuildFile; fileRef = 86C046D61DDC0911003903B3 /* DynaTab.storyboard */; };
		86C046D91DDC0A94003903B3 /* DynaTableViewController.swift in Sources */ = {isa = PBXBuildFile; fileRef = 86C046D81DDC0A94003903B3 /* DynaTableViewController.swift */; };
		86C046DB1DDC14E3003903B3 /* 025.png in Resources */ = {isa = PBXBuildFile; fileRef = 86C046DA1DDC14E3003903B3 /* 025.png */; };
		86C046DE1DDC1590003903B3 /* 001.png in Resources */ = {isa = PBXBuildFile; fileRef = 86C046DD1DDC1590003903B3 /* 001.png */; };
		86C046E01DDC2965003903B3 /* pokedex.json in Resources */ = {isa = PBXBuildFile; fileRef = 86C046DF1DDC2965003903B3 /* pokedex.json */; };
		86C046E21DDC2AA3003903B3 /* JSONUtil.swift in Sources */ = {isa = PBXBuildFile; fileRef = 86C046E11DDC2AA3003903B3 /* JSONUtil.swift */; };
		86C046E41DDC38D2003903B3 /* TabBar.storyboard in Resources */ = {isa = PBXBuildFile; fileRef = 86C046E31DDC38D2003903B3 /* TabBar.storyboard */; };
		86C046E61DDC4FCF003903B3 /* MyTableViewCell.swift in Sources */ = {isa = PBXBuildFile; fileRef = 86C046E51DDC4FCF003903B3 /* MyTableViewCell.swift */; };
		86C046E81DDC5640003903B3 /* DetailViewController.swift in Sources */ = {isa = PBXBuildFile; fileRef = 86C046E71DDC5640003903B3 /* DetailViewController.swift */; };
/* End PBXBuildFile section */

/* Begin PBXFileReference section */
		86C046BF1DDBFE96003903B3 /* MyTable.app */ = {isa = PBXFileReference; explicitFileType = wrapper.application; includeInIndex = 0; path = MyTable.app; sourceTree = BUILT_PRODUCTS_DIR; };
		86C046C21DDBFE96003903B3 /* AppDelegate.swift */ = {isa = PBXFileReference; lastKnownFileType = sourcecode.swift; path = AppDelegate.swift; sourceTree = "<group>"; };
		86C046C41DDBFE96003903B3 /* ViewController.swift */ = {isa = PBXFileReference; lastKnownFileType = sourcecode.swift; path = ViewController.swift; sourceTree = "<group>"; };
		86C046C71DDBFE96003903B3 /* Base */ = {isa = PBXFileReference; lastKnownFileType = file.storyboard; name = Base; path = Base.lproj/Main.storyboard; sourceTree = "<group>"; };
		86C046C91DDBFE96003903B3 /* Assets.xcassets */ = {isa = PBXFileReference; lastKnownFileType = folder.assetcatalog; path = Assets.xcassets; sourceTree = "<group>"; };
		86C046CC1DDBFE96003903B3 /* Base */ = {isa = PBXFileReference; lastKnownFileType = file.storyboard; name = Base; path = Base.lproj/LaunchScreen.storyboard; sourceTree = "<group>"; };
		86C046CE1DDBFE96003903B3 /* Info.plist */ = {isa = PBXFileReference; lastKnownFileType = text.plist.xml; path = Info.plist; sourceTree = "<group>"; };
		86C046D41DDC038F003903B3 /* StaticTableViewController.swift */ = {isa = PBXFileReference; fileEncoding = 4; lastKnownFileType = sourcecode.swift; path = StaticTableViewController.swift; sourceTree = "<group>"; };
		86C046D61DDC0911003903B3 /* DynaTab.storyboard */ = {isa = PBXFileReference; fileEncoding = 4; lastKnownFileType = file.storyboard; path = DynaTab.storyboard; sourceTree = "<group>"; };
		86C046D81DDC0A94003903B3 /* DynaTableViewController.swift */ = {isa = PBXFileReference; fileEncoding = 4; lastKnownFileType = sourcecode.swift; path = DynaTableViewController.swift; sourceTree = "<group>"; };
		86C046DA1DDC14E3003903B3 /* 025.png */ = {isa = PBXFileReference; lastKnownFileType = image.png; name = 025.png; path = ../../../Downloads/025.png; sourceTree = "<group>"; };
		86C046DD1DDC1590003903B3 /* 001.png */ = {isa = PBXFileReference; lastKnownFileType = image.png; path = 001.png; sourceTree = "<group>"; };
		86C046DF1DDC2965003903B3 /* pokedex.json */ = {isa = PBXFileReference; fileEncoding = 4; lastKnownFileType = text.json; path = pokedex.json; sourceTree = "<group>"; };
		86C046E11DDC2AA3003903B3 /* JSONUtil.swift */ = {isa = PBXFileReference; fileEncoding = 4; lastKnownFileType = sourcecode.swift; path = JSONUtil.swift; sourceTree = "<group>"; };
		86C046E31DDC38D2003903B3 /* TabBar.storyboard */ = {isa = PBXFileReference; fileEncoding = 4; lastKnownFileType = file.storyboard; path = TabBar.storyboard; sourceTree = "<group>"; };
		86C046E51DDC4FCF003903B3 /* MyTableViewCell.swift */ = {isa = PBXFileReference; fileEncoding = 4; lastKnownFileType = sourcecode.swift; path = MyTableViewCell.swift; sourceTree = "<group>"; };
		86C046E71DDC5640003903B3 /* DetailViewController.swift */ = {isa = PBXFileReference; fileEncoding = 4; lastKnownFileType = sourcecode.swift; path = DetailViewController.swift; sourceTree = "<group>"; };
/* End PBXFileReference section */

/* Begin PBXFrameworksBuildPhase section */
		86C046BC1DDBFE82003903B3 /* Frameworks */ = {
			isa = PBXFrameworksBuildPhase;
			buildActionMask = 2147483647;
			files = (
			);
			runOnlyForDeploymentPostprocessing = 0;
		};
/* End PBXFrameworksBuildPhase section */

/* Begin PBXGroup section */
		86C046B61DDBFE81003903B3 = {
			isa = PBXGroup;
			children = (
				86C046C11DDBFE96003903B3 /* MyTable */,
				86C046C01DDBFE96003903B3 /* Products */,
			);
			sourceTree = "<group>";
		};
		86C046C01DDBFE96003903B3 /* Products */ = {
			isa = PBXGroup;
			children = (
				86C046BF1DDBFE96003903B3 /* MyTable.app */,
			);
			name = Products;
			sourceTree = "<group>";
		};
		86C046C11DDBFE96003903B3 /* MyTable */ = {
			isa = PBXGroup;
			children = (
				86C046DC1DDC14EC003903B3 /* resources */,
				86C046C21DDBFE96003903B3 /* AppDelegate.swift */,
				86C046C41DDBFE96003903B3 /* ViewController.swift */,
				86C046C61DDBFE96003903B3 /* Main.storyboard */,
				86C046C91DDBFE96003903B3 /* Assets.xcassets */,
				86C046CB1DDBFE96003903B3 /* LaunchScreen.storyboard */,
				86C046CE1DDBFE96003903B3 /* Info.plist */,
				86C046D41DDC038F003903B3 /* StaticTableViewController.swift */,
				86C046D61DDC0911003903B3 /* DynaTab.storyboard */,
				86C046D81DDC0A94003903B3 /* DynaTableViewController.swift */,
				86C046DF1DDC2965003903B3 /* pokedex.json */,
				86C046E11DDC2AA3003903B3 /* JSONUtil.swift */,
				86C046E31DDC38D2003903B3 /* TabBar.storyboard */,
				86C046E51DDC4FCF003903B3 /* MyTableViewCell.swift */,
				86C046E71DDC5640003903B3 /* DetailViewController.swift */,
			);
			path = MyTable;
			sourceTree = "<group>";
		};
		86C046DC1DDC14EC003903B3 /* resources */ = {
			isa = PBXGroup;
			children = (
				86C046DD1DDC1590003903B3 /* 001.png */,
				86C046DA1DDC14E3003903B3 /* 025.png */,
			);
			name = resources;
			sourceTree = "<group>";
		};
/* End PBXGroup section */

/* Begin PBXNativeTarget section */
		86C046BE1DDBFE82003903B3 /* MyTable */ = {
			isa = PBXNativeTarget;
			buildConfigurationList = 86C046D11DDBFE96003903B3 /* Build configuration list for PBXNativeTarget "MyTable" */;
			buildPhases = (
				86C046BB1DDBFE82003903B3 /* Sources */,
				86C046BC1DDBFE82003903B3 /* Frameworks */,
				86C046BD1DDBFE82003903B3 /* Resources */,
			);
			buildRules = (
			);
			dependencies = (
			);
			name = MyTable;
			productName = MyTable;
			productReference = 86C046BF1DDBFE96003903B3 /* MyTable.app */;
			productType = "com.apple.product-type.application";
		};
/* End PBXNativeTarget section */

/* Begin PBXProject section */
		86C046B71DDBFE81003903B3 /* Project object */ = {
			isa = PBXProject;
			attributes = {
				LastSwiftUpdateCheck = 0810;
				LastUpgradeCheck = 0810;
				ORGANIZATIONNAME = Training;
				TargetAttributes = {
					86C046BE1DDBFE82003903B3 = {
						CreatedOnToolsVersion = 8.1;
						ProvisioningStyle = Automatic;
					};
				};
			};
			buildConfigurationList = 86C046BA1DDBFE81003903B3 /* Build configuration list for PBXProject "MyTable" */;
			compatibilityVersion = "Xcode 3.2";
			developmentRegion = English;
			hasScannedForEncodings = 0;
			knownRegions = (
				en,
				Base,
			);
			mainGroup = 86C046B61DDBFE81003903B3;
			productRefGroup = 86C046C01DDBFE96003903B3 /* Products */;
			projectDirPath = "";
			projectRoot = "";
			targets = (
				86C046BE1DDBFE82003903B3 /* MyTable */,
			);
		};
/* End PBXProject section */

/* Begin PBXResourcesBuildPhase section */
		86C046BD1DDBFE82003903B3 /* Resources */ = {
			isa = PBXResourcesBuildPhase;
			buildActionMask = 2147483647;
			files = (
				86C046D71DDC0911003903B3 /* DynaTab.storyboard in Resources */,
				86C046E01DDC2965003903B3 /* pokedex.json in Resources */,
				86C046DB1DDC14E3003903B3 /* 025.png in Resources */,
				86C046CD1DDBFE96003903B3 /* LaunchScreen.storyboard in Resources */,
				86C046E41DDC38D2003903B3 /* TabBar.storyboard in Resources */,
				86C046DE1DDC1590003903B3 /* 001.png in Resources */,
				86C046CA1DDBFE96003903B3 /* Assets.xcassets in Resources */,
				86C046C81DDBFE96003903B3 /* Main.storyboard in Resources */,
			);
			runOnlyForDeploymentPostprocessing = 0;
		};
/* End PBXResourcesBuildPhase section */

/* Begin PBXSourcesBuildPhase section */
		86C046BB1DDBFE82003903B3 /* Sources */ = {
			isa = PBXSourcesBuildPhase;
			buildActionMask = 2147483647;
			files = (
				86C046C51DDBFE96003903B3 /* ViewController.swift in Sources */,
				86C046D51DDC038F003903B3 /* StaticTableViewController.swift in Sources */,
				86C046E21DDC2AA3003903B3 /* JSONUtil.swift in Sources */,
				86C046C31DDBFE96003903B3 /* AppDelegate.swift in Sources */,
				86C046D91DDC0A94003903B3 /* DynaTableViewController.swift in Sources */,
				86C046E61DDC4FCF003903B3 /* MyTableViewCell.swift in Sources */,
				86C046E81DDC5640003903B3 /* DetailViewController.swift in Sources */,
			);
			runOnlyForDeploymentPostprocessing = 0;
		};
/* End PBXSourcesBuildPhase section */

/* Begin PBXVariantGroup section */
		86C046C61DDBFE96003903B3 /* Main.storyboard */ = {
			isa = PBXVariantGroup;
			children = (
				86C046C71DDBFE96003903B3 /* Base */,
			);
			name = Main.storyboard;
			sourceTree = "<group>";
		};
		86C046CB1DDBFE96003903B3 /* LaunchScreen.storyboard */ = {
			isa = PBXVariantGroup;
			children = (
				86C046CC1DDBFE96003903B3 /* Base */,
			);
			name = LaunchScreen.storyboard;
			sourceTree = "<group>";
		};
/* End PBXVariantGroup section */

/* Begin XCBuildConfiguration section */
		86C046CF1DDBFE96003903B3 /* Debug */ = {
			isa = XCBuildConfiguration;
			buildSettings = {
				ALWAYS_SEARCH_USER_PATHS = NO;
				CLANG_ANALYZER_NONNULL = YES;
				CLANG_CXX_LANGUAGE_STANDARD = "gnu++0x";
				CLANG_CXX_LIBRARY = "libc++";
				CLANG_ENABLE_MODULES = YES;
				CLANG_ENABLE_OBJC_ARC = YES;
				CLANG_WARN_BOOL_CONVERSION = YES;
				CLANG_WARN_CONSTANT_CONVERSION = YES;
				CLANG_WARN_DIRECT_OBJC_ISA_USAGE = YES_ERROR;
				CLANG_WARN_DOCUMENTATION_COMMENTS = YES;
				CLANG_WARN_EMPTY_BODY = YES;
				CLANG_WARN_ENUM_CONVERSION = YES;
				CLANG_WARN_INFINITE_RECURSION = YES;
				CLANG_WARN_INT_CONVERSION = YES;
				CLANG_WARN_OBJC_ROOT_CLASS = YES_ERROR;
				CLANG_WARN_SUSPICIOUS_MOVES = YES;
				CLANG_WARN_UNREACHABLE_CODE = YES;
				CLANG_WARN__DUPLICATE_METHOD_MATCH = YES;
				"CODE_SIGN_IDENTITY[sdk=iphoneos*]" = "iPhone Developer";
				COPY_PHASE_STRIP = NO;
				DEBUG_INFORMATION_FORMAT = dwarf;
				ENABLE_STRICT_OBJC_MSGSEND = YES;
				ENABLE_TESTABILITY = YES;
				GCC_C_LANGUAGE_STANDARD = gnu99;
				GCC_DYNAMIC_NO_PIC = NO;
				GCC_NO_COMMON_BLOCKS = YES;
				GCC_OPTIMIZATION_LEVEL = 0;
				GCC_PREPROCESSOR_DEFINITIONS = (
					"DEBUG=1",
					"$(inherited)",
				);
				GCC_WARN_64_TO_32_BIT_CONVERSION = YES;
				GCC_WARN_ABOUT_RETURN_TYPE = YES_ERROR;
				GCC_WARN_UNDECLARED_SELECTOR = YES;
				GCC_WARN_UNINITIALIZED_AUTOS = YES_AGGRESSIVE;
				GCC_WARN_UNUSED_FUNCTION = YES;
				GCC_WARN_UNUSED_VARIABLE = YES;
				IPHONEOS_DEPLOYMENT_TARGET = 10.1;
				MTL_ENABLE_DEBUG_INFO = YES;
				ONLY_ACTIVE_ARCH = YES;
				SDKROOT = iphoneos;
				SWIFT_ACTIVE_COMPILATION_CONDITIONS = DEBUG;
				SWIFT_OPTIMIZATION_LEVEL = "-Onone";
				TARGETED_DEVICE_FAMILY = "1,2";
			};
			name = Debug;
		};
		86C046D01DDBFE96003903B3 /* Release */ = {
			isa = XCBuildConfiguration;
			buildSettings = {
				ALWAYS_SEARCH_USER_PATHS = NO;
				CLANG_ANALYZER_NONNULL = YES;
				CLANG_CXX_LANGUAGE_STANDARD = "gnu++0x";
				CLANG_CXX_LIBRARY = "libc++";
				CLANG_ENABLE_MODULES = YES;
				CLANG_ENABLE_OBJC_ARC = YES;
				CLANG_WARN_BOOL_CONVERSION = YES;
				CLANG_WARN_CONSTANT_CONVERSION = YES;
				CLANG_WARN_DIRECT_OBJC_ISA_USAGE = YES_ERROR;
				CLANG_WARN_DOCUMENTATION_COMMENTS = YES;
				CLANG_WARN_EMPTY_BODY = YES;
				CLANG_WARN_ENUM_CONVERSION = YES;
				CLANG_WARN_INFINITE_RECURSION = YES;
				CLANG_WARN_INT_CONVERSION = YES;
				CLANG_WARN_OBJC_ROOT_CLASS = YES_ERROR;
				CLANG_WARN_SUSPICIOUS_MOVES = YES;
				CLANG_WARN_UNREACHABLE_CODE = YES;
				CLANG_WARN__DUPLICATE_METHOD_MATCH = YES;
				"CODE_SIGN_IDENTITY[sdk=iphoneos*]" = "iPhone Developer";
				COPY_PHASE_STRIP = NO;
				DEBUG_INFORMATION_FORMAT = "dwarf-with-dsym";
				ENABLE_NS_ASSERTIONS = NO;
				ENABLE_STRICT_OBJC_MSGSEND = YES;
				GCC_C_LANGUAGE_STANDARD = gnu99;
				GCC_NO_COMMON_BLOCKS = YES;
				GCC_WARN_64_TO_32_BIT_CONVERSION = YES;
				GCC_WARN_ABOUT_RETURN_TYPE = YES_ERROR;
				GCC_WARN_UNDECLARED_SELECTOR = YES;
				GCC_WARN_UNINITIALIZED_AUTOS = YES_AGGRESSIVE;
				GCC_WARN_UNUSED_FUNCTION = YES;
				GCC_WARN_UNUSED_VARIABLE = YES;
				IPHONEOS_DEPLOYMENT_TARGET = 10.1;
				MTL_ENABLE_DEBUG_INFO = NO;
				SDKROOT = iphoneos;
				SWIFT_OPTIMIZATION_LEVEL = "-Owholemodule";
				TARGETED_DEVICE_FAMILY = "1,2";
				VALIDATE_PRODUCT = YES;
			};
			name = Release;
		};
		86C046D21DDBFE96003903B3 /* Debug */ = {
			isa = XCBuildConfiguration;
			buildSettings = {
				ASSETCATALOG_COMPILER_APPICON_NAME = AppIcon;
				INFOPLIST_FILE = MyTable/Info.plist;
				LD_RUNPATH_SEARCH_PATHS = "$(inherited) @executable_path/Frameworks";
				PRODUCT_BUNDLE_IDENTIFIER = com.cdg.MyTable;
				PRODUCT_NAME = "$(TARGET_NAME)";
				SWIFT_VERSION = 3.0;
			};
			name = Debug;
		};
		86C046D31DDBFE96003903B3 /* Release */ = {
			isa = XCBuildConfiguration;
			buildSettings = {
				ASSETCATALOG_COMPILER_APPICON_NAME = AppIcon;
				INFOPLIST_FILE = MyTable/Info.plist;
				LD_RUNPATH_SEARCH_PATHS = "$(inherited) @executable_path/Frameworks";
				PRODUCT_BUNDLE_IDENTIFIER = com.cdg.MyTable;
				PRODUCT_NAME = "$(TARGET_NAME)";
				SWIFT_VERSION = 3.0;
			};
			name = Release;
		};
/* End XCBuildConfiguration section */

/* Begin XCConfigurationList section */
		86C046BA1DDBFE81003903B3 /* Build configuration list for PBXProject "MyTable" */ = {
			isa = XCConfigurationList;
			buildConfigurations = (
				86C046CF1DDBFE96003903B3 /* Debug */,
				86C046D01DDBFE96003903B3 /* Release */,
			);
			defaultConfigurationIsVisible = 0;
			defaultConfigurationName = Release;
		};
		86C046D11DDBFE96003903B3 /* Build configuration list for PBXNativeTarget "MyTable" */ = {
			isa = XCConfigurationList;
			buildConfigurations = (
				86C046D21DDBFE96003903B3 /* Debug */,
				86C046D31DDBFE96003903B3 /* Release */,
			);
			defaultConfigurationIsVisible = 0;
			defaultConfigurationName = Release;
		};
/* End XCConfigurationList section */
	};
	rootObject = 86C046B71DDBFE81003903B3 /* Project object */;
}
